
Microsoft Visual Studio Solution File, Format Version 12.00
# Visual Studio 14
VisualStudioVersion = 14.0.25420.1
MinimumVisualStudioVersion = 10.0.40219.1
Project("{FAE04EC0-301F-11D3-BF4B-00C04F79EFBC}") = "SistemaPuntoVenta", "SistemaPuntoVenta\SistemaPuntoVenta.csproj", "{A97B22E8-78E6-4643-A246-15E354A022DD}"
EndProject
Project("{FAE04EC0-301F-11D3-BF4B-00C04F79EFBC}") = "Herramientas", "Herramientas\Herramientas.csproj", "{7C519C61-F08F-4E0F-AE02-E0103400A1C6}"
EndProject
Global
	GlobalSection(SolutionConfigurationPlatforms) = preSolution
		Debug|Any CPU = Debug|Any CPU
		Release|Any CPU = Release|Any CPU
	EndGlobalSection
	GlobalSection(ProjectConfigurationPlatforms) = postSolution
		{A97B22E8-78E6-4643-A246-15E354A022DD}.Debug|Any CPU.ActiveCfg = Debug|Any CPU
		{A97B22E8-78E6-4643-A246-15E354A022DD}.Debug|Any CPU.Build.0 = Debug|Any CPU
		{A97B22E8-78E6-4643-A246-15E354A022DD}.Release|Any CPU.ActiveCfg = Release|Any CPU
		{A97B22E8-78E6-4643-A246-15E354A022DD}.Release|Any CPU.Build.0 = Release|Any CPU
		{7C519C61-F08F-4E0F-AE02-E0103400A1C6}.Debug|Any CPU.ActiveCfg = Debug|Any CPU
		{7C519C61-F08F-4E0F-AE02-E0103400A1C6}.Debug|Any CPU.Build.0 = Debug|Any CPU
		{7C519C61-F08F-4E0F-AE02-E0103400A1C6}.Release|Any CPU.ActiveCfg = Release|Any CPU
		{7C519C61-F08F-4E0F-AE02-E0103400A1C6}.Release|Any CPU.Build.0 = Release|Any CPU
	EndGlobalSection
	GlobalSection(SolutionProperties) = preSolution
		HideSolutionNode = FALSE
	EndGlobalSection
EndGlobal
